<Solution>
  <Folder Name="/src/">
    <Project Path="src/JobEngine.Core/JobEngine.Core.csproj" />
    <Project Path="src/JobEngine.Persistence/JobEngine.Persistence.csproj" />
    <Project Path="src/JobEngine.Worker/JobEngine.Worker.csproj" />
  </Folder>
  <Folder Name="/tests/">
    <Project Path="tests/JobEngine.Tests/JobEngine.Tests.csproj" />
  </Folder>
</Solution>
